
Microsoft Visual Studio Solution File, Format Version 12.00
# Visual Studio Version 16
VisualStudioVersion = 16.0.31205.134
MinimumVisualStudioVersion = 10.0.40219.1
Project("{888888A0-9F3D-457C-B088-3A5042F75D52}") = "eastlandspath", "eastlandspath\eastlandspath.pyproj", "{2FBC8C25-B57B-43F9-8930-4ECF293E81E4}"
EndProject
Global
	GlobalSection(SolutionConfigurationPlatforms) = preSolution
		Debug|Any CPU = Debug|Any CPU
		Release|Any CPU = Release|Any CPU
	EndGlobalSection
	GlobalSection(ProjectConfigurationPlatforms) = postSolution
		{2FBC8C25-B57B-43F9-8930-4ECF293E81E4}.Debug|Any CPU.ActiveCfg = Debug|Any CPU
		{2FBC8C25-B57B-43F9-8930-4ECF293E81E4}.Release|Any CPU.ActiveCfg = Release|Any CPU
	EndGlobalSection
	GlobalSection(SolutionProperties) = preSolution
		HideSolutionNode = FALSE
	EndGlobalSection
	GlobalSection(ExtensibilityGlobals) = postSolution
		SolutionGuid = {DF84CE53-834D-40DE-B64B-5DFD6821BA19}
	EndGlobalSection
EndGlobal
